// !$*UTF8*$!
{
	archiveVersion = 1;
	classes = {
	};
	objectVersion = 46;
	objects = {

/* Begin PBXBuildFile section */
		FE5495EE16FABDE3003C80F3 /* store.plist in Resources */ = {isa = PBXBuildFile; fileRef = FE5495ED16FABDE3003C80F3 /* store.plist */; };
		FE5495F116FAD13E003C80F3 /* HomeCell.m in Sources */ = {isa = PBXBuildFile; fileRef = FE5495F016FAD13E003C80F3 /* HomeCell.m */; };
		FE5495F416FAD74B003C80F3 /* TimeViewController.m in Sources */ = {isa = PBXBuildFile; fileRef = FE5495F316FAD74B003C80F3 /* TimeViewController.m */; };
		FE6D5C4216F9AF670001A05A /* UIKit.framework in Frameworks */ = {isa = PBXBuildFile; fileRef = FE6D5C4116F9AF670001A05A /* UIKit.framework */; };
		FE6D5C4416F9AF670001A05A /* Foundation.framework in Frameworks */ = {isa = PBXBuildFile; fileRef = FE6D5C4316F9AF670001A05A /* Foundation.framework */; };
		FE6D5C4616F9AF670001A05A /* CoreGraphics.framework in Frameworks */ = {isa = PBXBuildFile; fileRef = FE6D5C4516F9AF670001A05A /* CoreGraphics.framework */; };
		FE6D5C4C16F9AF670001A05A /* InfoPlist.strings in Resources */ = {isa = PBXBuildFile; fileRef = FE6D5C4A16F9AF670001A05A /* InfoPlist.strings */; };
		FE6D5C4E16F9AF670001A05A /* main.m in Sources */ = {isa = PBXBuildFile; fileRef = FE6D5C4D16F9AF670001A05A /* main.m */; };
		FE6D5C5216F9AF670001A05A /* AppDelegate.m in Sources */ = {isa = PBXBuildFile; fileRef = FE6D5C5116F9AF670001A05A /* AppDelegate.m */; };
		FE6D5C5416F9AF680001A05A /* Default.png in Resources */ = {isa = PBXBuildFile; fileRef = FE6D5C5316F9AF680001A05A /* Default.png */; };
		FE6D5C5616F9AF680001A05A /* Default@2x.png in Resources */ = {isa = PBXBuildFile; fileRef = FE6D5C5516F9AF680001A05A /* Default@2x.png */; };
		FE6D5C5816F9AF680001A05A /* Default-568h@2x.png in Resources */ = {isa = PBXBuildFile; fileRef = FE6D5C5716F9AF680001A05A /* Default-568h@2x.png */; };
		FE6D5C6916F9B0DE0001A05A /* AppHelper.m in Sources */ = {isa = PBXBuildFile; fileRef = FE6D5C6816F9B0DE0001A05A /* AppHelper.m */; };
		FE6D5C6C16F9B2CE0001A05A /* HomeViewController.m in Sources */ = {isa = PBXBuildFile; fileRef = FE6D5C6B16F9B2CE0001A05A /* HomeViewController.m */; };
		FE6D5C6F16F9C52E0001A05A /* LoginViewController.m in Sources */ = {isa = PBXBuildFile; fileRef = FE6D5C6E16F9C52E0001A05A /* LoginViewController.m */; };
		FE6D5C7216F9C5520001A05A /* RegistViewController.m in Sources */ = {isa = PBXBuildFile; fileRef = FE6D5C7116F9C5510001A05A /* RegistViewController.m */; };
		FE6D5C9316F9CC7A0001A05A /* address_ico.png in Resources */ = {isa = PBXBuildFile; fileRef = FE6D5C7316F9CC7A0001A05A /* address_ico.png */; };
		FE6D5C9416F9CC7A0001A05A /* address_ico@2x.png in Resources */ = {isa = PBXBuildFile; fileRef = FE6D5C7416F9CC7A0001A05A /* address_ico@2x.png */; };
		FE6D5C9516F9CC7A0001A05A /* arrow_right.png in Resources */ = {isa = PBXBuildFile; fileRef = FE6D5C7516F9CC7A0001A05A /* arrow_right.png */; };
		FE6D5C9616F9CC7A0001A05A /* arrow_right@2x.png in Resources */ = {isa = PBXBuildFile; fileRef = FE6D5C7616F9CC7A0001A05A /* arrow_right@2x.png */; };
		FE6D5C9716F9CC7A0001A05A /* find_txt_hover.png in Resources */ = {isa = PBXBuildFile; fileRef = FE6D5C7716F9CC7A0001A05A /* find_txt_hover.png */; };
		FE6D5C9816F9CC7A0001A05A /* find_txt_hover@2x.png in Resources */ = {isa = PBXBuildFile; fileRef = FE6D5C7816F9CC7A0001A05A /* find_txt_hover@2x.png */; };
		FE6D5C9916F9CC7A0001A05A /* find_txt.png in Resources */ = {isa = PBXBuildFile; fileRef = FE6D5C7916F9CC7A0001A05A /* find_txt.png */; };
		FE6D5C9A16F9CC7A0001A05A /* find_txt@2x.png in Resources */ = {isa = PBXBuildFile; fileRef = FE6D5C7A16F9CC7A0001A05A /* find_txt@2x.png */; };
		FE6D5C9B16F9CC7A0001A05A /* headerimg.jpg in Resources */ = {isa = PBXBuildFile; fileRef = FE6D5C7B16F9CC7A0001A05A /* headerimg.jpg */; };
		FE6D5C9C16F9CC7A0001A05A /* headerimg@2x.jpg in Resources */ = {isa = PBXBuildFile; fileRef = FE6D5C7C16F9CC7A0001A05A /* headerimg@2x.jpg */; };
		FE6D5C9D16F9CC7A0001A05A /* midimg.jpg in Resources */ = {isa = PBXBuildFile; fileRef = FE6D5C7D16F9CC7A0001A05A /* midimg.jpg */; };
		FE6D5C9E16F9CC7A0001A05A /* midimg@2x.jpg in Resources */ = {isa = PBXBuildFile; fileRef = FE6D5C7E16F9CC7A0001A05A /* midimg@2x.jpg */; };
		FE6D5C9F16F9CC7A0001A05A /* nav_right.png in Resources */ = {isa = PBXBuildFile; fileRef = FE6D5C7F16F9CC7A0001A05A /* nav_right.png */; };
		FE6D5CA016F9CC7A0001A05A /* nav_right@2x.png in Resources */ = {isa = PBXBuildFile; fileRef = FE6D5C8016F9CC7A0001A05A /* nav_right@2x.png */; };
		FE6D5CA116F9CC7A0001A05A /* onlinepay_but_hover.png in Resources */ = {isa = PBXBuildFile; fileRef = FE6D5C8116F9CC7A0001A05A /* onlinepay_but_hover.png */; };
		FE6D5CA216F9CC7A0001A05A /* onlinepay_but_hover@2x.png in Resources */ = {isa = PBXBuildFile; fileRef = FE6D5C8216F9CC7A0001A05A /* onlinepay_but_hover@2x.png */; };
		FE6D5CA316F9CC7A0001A05A /* onlinepay_but.png in Resources */ = {isa = PBXBuildFile; fileRef = FE6D5C8316F9CC7A0001A05A /* onlinepay_but.png */; };
		FE6D5CA416F9CC7A0001A05A /* onlinepay_but@2x.png in Resources */ = {isa = PBXBuildFile; fileRef = FE6D5C8416F9CC7A0001A05A /* onlinepay_but@2x.png */; };
		FE6D5CA516F9CC7A0001A05A /* quickreg_but_hover.png in Resources */ = {isa = PBXBuildFile; fileRef = FE6D5C8516F9CC7A0001A05A /* quickreg_but_hover.png */; };
		FE6D5CA616F9CC7A0001A05A /* quickreg_but_hover@2x.png in Resources */ = {isa = PBXBuildFile; fileRef = FE6D5C8616F9CC7A0001A05A /* quickreg_but_hover@2x.png */; };
		FE6D5CA716F9CC7A0001A05A /* quickreg_but.png in Resources */ = {isa = PBXBuildFile; fileRef = FE6D5C8716F9CC7A0001A05A /* quickreg_but.png */; };
		FE6D5CA816F9CC7A0001A05A /* quickreg_but@2x.png in Resources */ = {isa = PBXBuildFile; fileRef = FE6D5C8816F9CC7A0001A05A /* quickreg_but@2x.png */; };
		FE6D5CA916F9CC7A0001A05A /* time_ico.png in Resources */ = {isa = PBXBuildFile; fileRef = FE6D5C8916F9CC7A0001A05A /* time_ico.png */; };
		FE6D5CAA16F9CC7A0001A05A /* time_ico@2x.png in Resources */ = {isa = PBXBuildFile; fileRef = FE6D5C8A16F9CC7A0001A05A /* time_ico@2x.png */; };
		FE6D5CAB16F9CC7A0001A05A /* transfer_ico.png in Resources */ = {isa = PBXBuildFile; fileRef = FE6D5C8B16F9CC7A0001A05A /* transfer_ico.png */; };
		FE6D5CAC16F9CC7A0001A05A /* transfer_ico@2x.png in Resources */ = {isa = PBXBuildFile; fileRef = FE6D5C8C16F9CC7A0001A05A /* transfer_ico@2x.png */; };
		FE6D5CAD16F9CC7A0001A05A /* tryit_txt_hover.png in Resources */ = {isa = PBXBuildFile; fileRef = FE6D5C8D16F9CC7A0001A05A /* tryit_txt_hover.png */; };
		FE6D5CAE16F9CC7A0001A05A /* tryit_txt_hover@2x.png in Resources */ = {isa = PBXBuildFile; fileRef = FE6D5C8E16F9CC7A0001A05A /* tryit_txt_hover@2x.png */; };
		FE6D5CAF16F9CC7A0001A05A /* tryit_txt.png in Resources */ = {isa = PBXBuildFile; fileRef = FE6D5C8F16F9CC7A0001A05A /* tryit_txt.png */; };
		FE6D5CB016F9CC7A0001A05A /* tryit_txt@2x.png in Resources */ = {isa = PBXBuildFile; fileRef = FE6D5C9016F9CC7A0001A05A /* tryit_txt@2x.png */; };
		FE6D5CB116F9CC7A0001A05A /* whyus_ico.png in Resources */ = {isa = PBXBuildFile; fileRef = FE6D5C9116F9CC7A0001A05A /* whyus_ico.png */; };
		FE6D5CB216F9CC7A0001A05A /* whyus_ico@2x.png in Resources */ = {isa = PBXBuildFile; fileRef = FE6D5C9216F9CC7A0001A05A /* whyus_ico@2x.png */; };
		FE6D5CB516F9CE360001A05A /* logo.png in Resources */ = {isa = PBXBuildFile; fileRef = FE6D5CB316F9CE360001A05A /* logo.png */; };
		FE6D5CB616F9CE360001A05A /* logo@2x.png in Resources */ = {isa = PBXBuildFile; fileRef = FE6D5CB416F9CE360001A05A /* logo@2x.png */; };
/* End PBXBuildFile section */

/* Begin PBXFileReference section */
		FE5495ED16FABDE3003C80F3 /* store.plist */ = {isa = PBXFileReference; fileEncoding = 4; lastKnownFileType = text.plist.xml; path = store.plist; sourceTree = "<group>"; };
		FE5495EF16FAD13E003C80F3 /* HomeCell.h */ = {isa = PBXFileReference; fileEncoding = 4; lastKnownFileType = sourcecode.c.h; path = HomeCell.h; sourceTree = "<group>"; };
		FE5495F016FAD13E003C80F3 /* HomeCell.m */ = {isa = PBXFileReference; fileEncoding = 4; lastKnownFileType = sourcecode.c.objc; path = HomeCell.m; sourceTree = "<group>"; };
		FE5495F216FAD74B003C80F3 /* TimeViewController.h */ = {isa = PBXFileReference; fileEncoding = 4; lastKnownFileType = sourcecode.c.h; path = TimeViewController.h; sourceTree = "<group>"; };
		FE5495F316FAD74B003C80F3 /* TimeViewController.m */ = {isa = PBXFileReference; fileEncoding = 4; lastKnownFileType = sourcecode.c.objc; path = TimeViewController.m; sourceTree = "<group>"; };
		FE6D5C3E16F9AF670001A05A /* mobile.app */ = {isa = PBXFileReference; explicitFileType = wrapper.application; includeInIndex = 0; path = mobile.app; sourceTree = BUILT_PRODUCTS_DIR; };
		FE6D5C4116F9AF670001A05A /* UIKit.framework */ = {isa = PBXFileReference; lastKnownFileType = wrapper.framework; name = UIKit.framework; path = System/Library/Frameworks/UIKit.framework; sourceTree = SDKROOT; };
		FE6D5C4316F9AF670001A05A /* Foundation.framework */ = {isa = PBXFileReference; lastKnownFileType = wrapper.framework; name = Foundation.framework; path = System/Library/Frameworks/Foundation.framework; sourceTree = SDKROOT; };
		FE6D5C4516F9AF670001A05A /* CoreGraphics.framework */ = {isa = PBXFileReference; lastKnownFileType = wrapper.framework; name = CoreGraphics.framework; path = System/Library/Frameworks/CoreGraphics.framework; sourceTree = SDKROOT; };
		FE6D5C4916F9AF670001A05A /* mobile-Info.plist */ = {isa = PBXFileReference; lastKnownFileType = text.plist.xml; path = "mobile-Info.plist"; sourceTree = "<group>"; };
		FE6D5C4B16F9AF670001A05A /* en */ = {isa = PBXFileReference; lastKnownFileType = text.plist.strings; name = en; path = en.lproj/InfoPlist.strings; sourceTree = "<group>"; };
		FE6D5C4D16F9AF670001A05A /* main.m */ = {isa = PBXFileReference; lastKnownFileType = sourcecode.c.objc; path = main.m; sourceTree = "<group>"; };
		FE6D5C4F16F9AF670001A05A /* mobile-Prefix.pch */ = {isa = PBXFileReference; lastKnownFileType = sourcecode.c.h; path = "mobile-Prefix.pch"; sourceTree = "<group>"; };
		FE6D5C5016F9AF670001A05A /* AppDelegate.h */ = {isa = PBXFileReference; lastKnownFileType = sourcecode.c.h; path = AppDelegate.h; sourceTree = "<group>"; };
		FE6D5C5116F9AF670001A05A /* AppDelegate.m */ = {isa = PBXFileReference; lastKnownFileType = sourcecode.c.objc; path = AppDelegate.m; sourceTree = "<group>"; };
		FE6D5C5316F9AF680001A05A /* Default.png */ = {isa = PBXFileReference; lastKnownFileType = image.png; path = Default.png; sourceTree = "<group>"; };
		FE6D5C5516F9AF680001A05A /* Default@2x.png */ = {isa = PBXFileReference; lastKnownFileType = image.png; path = "Default@2x.png"; sourceTree = "<group>"; };
		FE6D5C5716F9AF680001A05A /* Default-568h@2x.png */ = {isa = PBXFileReference; lastKnownFileType = image.png; path = "Default-568h@2x.png"; sourceTree = "<group>"; };
		FE6D5C5E16F9B0A10001A05A /* Constants.h */ = {isa = PBXFileReference; fileEncoding = 4; lastKnownFileType = sourcecode.c.h; path = Constants.h; sourceTree = "<group>"; };
		FE6D5C6716F9B0DE0001A05A /* AppHelper.h */ = {isa = PBXFileReference; fileEncoding = 4; lastKnownFileType = sourcecode.c.h; path = AppHelper.h; sourceTree = "<group>"; };
		FE6D5C6816F9B0DE0001A05A /* AppHelper.m */ = {isa = PBXFileReference; fileEncoding = 4; lastKnownFileType = sourcecode.c.objc; path = AppHelper.m; sourceTree = "<group>"; };
		FE6D5C6A16F9B2CE0001A05A /* HomeViewController.h */ = {isa = PBXFileReference; fileEncoding = 4; lastKnownFileType = sourcecode.c.h; path = HomeViewController.h; sourceTree = "<group>"; };
		FE6D5C6B16F9B2CE0001A05A /* HomeViewController.m */ = {isa = PBXFileReference; fileEncoding = 4; lastKnownFileType = sourcecode.c.objc; path = HomeViewController.m; sourceTree = "<group>"; };
		FE6D5C6D16F9C52E0001A05A /* LoginViewController.h */ = {isa = PBXFileReference; fileEncoding = 4; lastKnownFileType = sourcecode.c.h; path = LoginViewController.h; sourceTree = "<group>"; };
		FE6D5C6E16F9C52E0001A05A /* LoginViewController.m */ = {isa = PBXFileReference; fileEncoding = 4; lastKnownFileType = sourcecode.c.objc; path = LoginViewController.m; sourceTree = "<group>"; };
		FE6D5C7016F9C5510001A05A /* RegistViewController.h */ = {isa = PBXFileReference; fileEncoding = 4; lastKnownFileType = sourcecode.c.h; path = RegistViewController.h; sourceTree = "<group>"; };
		FE6D5C7116F9C5510001A05A /* RegistViewController.m */ = {isa = PBXFileReference; fileEncoding = 4; lastKnownFileType = sourcecode.c.objc; path = RegistViewController.m; sourceTree = "<group>"; };
		FE6D5C7316F9CC7A0001A05A /* address_ico.png */ = {isa = PBXFileReference; lastKnownFileType = image.png; path = address_ico.png; sourceTree = "<group>"; };
		FE6D5C7416F9CC7A0001A05A /* address_ico@2x.png */ = {isa = PBXFileReference; lastKnownFileType = image.png; path = "address_ico@2x.png"; sourceTree = "<group>"; };
		FE6D5C7516F9CC7A0001A05A /* arrow_right.png */ = {isa = PBXFileReference; lastKnownFileType = image.png; path = arrow_right.png; sourceTree = "<group>"; };
		FE6D5C7616F9CC7A0001A05A /* arrow_right@2x.png */ = {isa = PBXFileReference; lastKnownFileType = image.png; path = "arrow_right@2x.png"; sourceTree = "<group>"; };
		FE6D5C7716F9CC7A0001A05A /* find_txt_hover.png */ = {isa = PBXFileReference; lastKnownFileType = image.png; path = find_txt_hover.png; sourceTree = "<group>"; };
		FE6D5C7816F9CC7A0001A05A /* find_txt_hover@2x.png */ = {isa = PBXFileReference; lastKnownFileType = image.png; path = "find_txt_hover@2x.png"; sourceTree = "<group>"; };
		FE6D5C7916F9CC7A0001A05A /* find_txt.png */ = {isa = PBXFileReference; lastKnownFileType = image.png; path = find_txt.png; sourceTree = "<group>"; };
		FE6D5C7A16F9CC7A0001A05A /* find_txt@2x.png */ = {isa = PBXFileReference; lastKnownFileType = image.png; path = "find_txt@2x.png"; sourceTree = "<group>"; };
		FE6D5C7B16F9CC7A0001A05A /* headerimg.jpg */ = {isa = PBXFileReference; lastKnownFileType = image.jpeg; path = headerimg.jpg; sourceTree = "<group>"; };
		FE6D5C7C16F9CC7A0001A05A /* headerimg@2x.jpg */ = {isa = PBXFileReference; lastKnownFileType = image.jpeg; path = "headerimg@2x.jpg"; sourceTree = "<group>"; };
		FE6D5C7D16F9CC7A0001A05A /* midimg.jpg */ = {isa = PBXFileReference; lastKnownFileType = image.jpeg; path = midimg.jpg; sourceTree = "<group>"; };
		FE6D5C7E16F9CC7A0001A05A /* midimg@2x.jpg */ = {isa = PBXFileReference; lastKnownFileType = image.jpeg; path = "midimg@2x.jpg"; sourceTree = "<group>"; };
		FE6D5C7F16F9CC7A0001A05A /* nav_right.png */ = {isa = PBXFileReference; lastKnownFileType = image.png; path = nav_right.png; sourceTree = "<group>"; };
		FE6D5C8016F9CC7A0001A05A /* nav_right@2x.png */ = {isa = PBXFileReference; lastKnownFileType = image.png; path = "nav_right@2x.png"; sourceTree = "<group>"; };
		FE6D5C8116F9CC7A0001A05A /* onlinepay_but_hover.png */ = {isa = PBXFileReference; lastKnownFileType = image.png; path = onlinepay_but_hover.png; sourceTree = "<group>"; };
		FE6D5C8216F9CC7A0001A05A /* onlinepay_but_hover@2x.png */ = {isa = PBXFileReference; lastKnownFileType = image.png; path = "onlinepay_but_hover@2x.png"; sourceTree = "<group>"; };
		FE6D5C8316F9CC7A0001A05A /* onlinepay_but.png */ = {isa = PBXFileReference; lastKnownFileType = image.png; path = onlinepay_but.png; sourceTree = "<group>"; };
		FE6D5C8416F9CC7A0001A05A /* onlinepay_but@2x.png */ = {isa = PBXFileReference; lastKnownFileType = image.png; path = "onlinepay_but@2x.png"; sourceTree = "<group>"; };
		FE6D5C8516F9CC7A0001A05A /* quickreg_but_hover.png */ = {isa = PBXFileReference; lastKnownFileType = image.png; path = quickreg_but_hover.png; sourceTree = "<group>"; };
		FE6D5C8616F9CC7A0001A05A /* quickreg_but_hover@2x.png */ = {isa = PBXFileReference; lastKnownFileType = image.png; path = "quickreg_but_hover@2x.png"; sourceTree = "<group>"; };
		FE6D5C8716F9CC7A0001A05A /* quickreg_but.png */ = {isa = PBXFileReference; lastKnownFileType = image.png; path = quickreg_but.png; sourceTree = "<group>"; };
		FE6D5C8816F9CC7A0001A05A /* quickreg_but@2x.png */ = {isa = PBXFileReference; lastKnownFileType = image.png; path = "quickreg_but@2x.png"; sourceTree = "<group>"; };
		FE6D5C8916F9CC7A0001A05A /* time_ico.png */ = {isa = PBXFileReference; lastKnownFileType = image.png; path = time_ico.png; sourceTree = "<group>"; };
		FE6D5C8A16F9CC7A0001A05A /* time_ico@2x.png */ = {isa = PBXFileReference; lastKnownFileType = image.png; path = "time_ico@2x.png"; sourceTree = "<group>"; };
		FE6D5C8B16F9CC7A0001A05A /* transfer_ico.png */ = {isa = PBXFileReference; lastKnownFileType = image.png; path = transfer_ico.png; sourceTree = "<group>"; };
		FE6D5C8C16F9CC7A0001A05A /* transfer_ico@2x.png */ = {isa = PBXFileReference; lastKnownFileType = image.png; path = "transfer_ico@2x.png"; sourceTree = "<group>"; };
		FE6D5C8D16F9CC7A0001A05A /* tryit_txt_hover.png */ = {isa = PBXFileReference; lastKnownFileType = image.png; path = tryit_txt_hover.png; sourceTree = "<group>"; };
		FE6D5C8E16F9CC7A0001A05A /* tryit_txt_hover@2x.png */ = {isa = PBXFileReference; lastKnownFileType = image.png; path = "tryit_txt_hover@2x.png"; sourceTree = "<group>"; };
		FE6D5C8F16F9CC7A0001A05A /* tryit_txt.png */ = {isa = PBXFileReference; lastKnownFileType = image.png; path = tryit_txt.png; sourceTree = "<group>"; };
		FE6D5C9016F9CC7A0001A05A /* tryit_txt@2x.png */ = {isa = PBXFileReference; lastKnownFileType = image.png; path = "tryit_txt@2x.png"; sourceTree = "<group>"; };
		FE6D5C9116F9CC7A0001A05A /* whyus_ico.png */ = {isa = PBXFileReference; lastKnownFileType = image.png; path = whyus_ico.png; sourceTree = "<group>"; };
		FE6D5C9216F9CC7A0001A05A /* whyus_ico@2x.png */ = {isa = PBXFileReference; lastKnownFileType = image.png; path = "whyus_ico@2x.png"; sourceTree = "<group>"; };
		FE6D5CB316F9CE360001A05A /* logo.png */ = {isa = PBXFileReference; lastKnownFileType = image.png; path = logo.png; sourceTree = "<group>"; };
		FE6D5CB416F9CE360001A05A /* logo@2x.png */ = {isa = PBXFileReference; lastKnownFileType = image.png; path = "logo@2x.png"; sourceTree = "<group>"; };
/* End PBXFileReference section */

/* Begin PBXFrameworksBuildPhase section */
		FE6D5C3B16F9AF670001A05A /* Frameworks */ = {
			isa = PBXFrameworksBuildPhase;
			buildActionMask = 2147483647;
			files = (
				FE6D5C4216F9AF670001A05A /* UIKit.framework in Frameworks */,
				FE6D5C4416F9AF670001A05A /* Foundation.framework in Frameworks */,
				FE6D5C4616F9AF670001A05A /* CoreGraphics.framework in Frameworks */,
			);
			runOnlyForDeploymentPostprocessing = 0;
		};
/* End PBXFrameworksBuildPhase section */

/* Begin PBXGroup section */
		FE6D5C3516F9AF670001A05A = {
			isa = PBXGroup;
			children = (
				FE6D5C4016F9AF670001A05A /* Frameworks */,
				FE6D5C6116F9B0C00001A05A /* helper */,
				FE6D5C4716F9AF670001A05A /* mobile */,
				FE6D5C6216F9B0C00001A05A /* model */,
				FE6D5C3F16F9AF670001A05A /* Products */,
				FE6D5C6316F9B0C00001A05A /* resource */,
				FE6D5C6516F9B0C00001A05A /* view */,
				FE6D5C6616F9B0C00001A05A /* viewcontroller */,
			);
			sourceTree = "<group>";
		};
		FE6D5C3F16F9AF670001A05A /* Products */ = {
			isa = PBXGroup;
			children = (
				FE6D5C3E16F9AF670001A05A /* mobile.app */,
			);
			name = Products;
			sourceTree = "<group>";
		};
		FE6D5C4016F9AF670001A05A /* Frameworks */ = {
			isa = PBXGroup;
			children = (
				FE6D5C4116F9AF670001A05A /* UIKit.framework */,
				FE6D5C4316F9AF670001A05A /* Foundation.framework */,
				FE6D5C4516F9AF670001A05A /* CoreGraphics.framework */,
			);
			name = Frameworks;
			sourceTree = "<group>";
		};
		FE6D5C4716F9AF670001A05A /* mobile */ = {
			isa = PBXGroup;
			children = (
				FE6D5C5016F9AF670001A05A /* AppDelegate.h */,
				FE6D5C5116F9AF670001A05A /* AppDelegate.m */,
				FE6D5C5E16F9B0A10001A05A /* Constants.h */,
				FE6D5C4816F9AF670001A05A /* Supporting Files */,
			);
			path = mobile;
			sourceTree = "<group>";
		};
		FE6D5C4816F9AF670001A05A /* Supporting Files */ = {
			isa = PBXGroup;
			children = (
				FE6D5C4916F9AF670001A05A /* mobile-Info.plist */,
				FE6D5C4A16F9AF670001A05A /* InfoPlist.strings */,
				FE6D5C4D16F9AF670001A05A /* main.m */,
				FE6D5C4F16F9AF670001A05A /* mobile-Prefix.pch */,
				FE6D5C5316F9AF680001A05A /* Default.png */,
				FE6D5C5516F9AF680001A05A /* Default@2x.png */,
				FE6D5C5716F9AF680001A05A /* Default-568h@2x.png */,
			);
			name = "Supporting Files";
			sourceTree = "<group>";
		};
		FE6D5C6116F9B0C00001A05A /* helper */ = {
			isa = PBXGroup;
			children = (
				FE6D5C6716F9B0DE0001A05A /* AppHelper.h */,
				FE6D5C6816F9B0DE0001A05A /* AppHelper.m */,
			);
			name = helper;
			path = mobile/helper;
			sourceTree = "<group>";
		};
		FE6D5C6216F9B0C00001A05A /* model */ = {
			isa = PBXGroup;
			children = (
			);
			name = model;
			path = mobile/model;
			sourceTree = "<group>";
		};
		FE6D5C6316F9B0C00001A05A /* resource */ = {
			isa = PBXGroup;
			children = (
				FE6D5C6416F9B0C00001A05A /* image */,
				FE5495ED16FABDE3003C80F3 /* store.plist */,
			);
			name = resource;
			path = mobile/resource;
			sourceTree = "<group>";
		};
		FE6D5C6416F9B0C00001A05A /* image */ = {
			isa = PBXGroup;
			children = (
				FE6D5CB316F9CE360001A05A /* logo.png */,
				FE6D5CB416F9CE360001A05A /* logo@2x.png */,
				FE6D5C7316F9CC7A0001A05A /* address_ico.png */,
				FE6D5C7416F9CC7A0001A05A /* address_ico@2x.png */,
				FE6D5C7516F9CC7A0001A05A /* arrow_right.png */,
				FE6D5C7616F9CC7A0001A05A /* arrow_right@2x.png */,
				FE6D5C7716F9CC7A0001A05A /* find_txt_hover.png */,
				FE6D5C7816F9CC7A0001A05A /* find_txt_hover@2x.png */,
				FE6D5C7916F9CC7A0001A05A /* find_txt.png */,
				FE6D5C7A16F9CC7A0001A05A /* find_txt@2x.png */,
				FE6D5C7B16F9CC7A0001A05A /* headerimg.jpg */,
				FE6D5C7C16F9CC7A0001A05A /* headerimg@2x.jpg */,
				FE6D5C7D16F9CC7A0001A05A /* midimg.jpg */,
				FE6D5C7E16F9CC7A0001A05A /* midimg@2x.jpg */,
				FE6D5C7F16F9CC7A0001A05A /* nav_right.png */,
				FE6D5C8016F9CC7A0001A05A /* nav_right@2x.png */,
				FE6D5C8116F9CC7A0001A05A /* onlinepay_but_hover.png */,
				FE6D5C8216F9CC7A0001A05A /* onlinepay_but_hover@2x.png */,
				FE6D5C8316F9CC7A0001A05A /* onlinepay_but.png */,
				FE6D5C8416F9CC7A0001A05A /* onlinepay_but@2x.png */,
				FE6D5C8516F9CC7A0001A05A /* quickreg_but_hover.png */,
				FE6D5C8616F9CC7A0001A05A /* quickreg_but_hover@2x.png */,
				FE6D5C8716F9CC7A0001A05A /* quickreg_but.png */,
				FE6D5C8816F9CC7A0001A05A /* quickreg_but@2x.png */,
				FE6D5C8916F9CC7A0001A05A /* time_ico.png */,
				FE6D5C8A16F9CC7A0001A05A /* time_ico@2x.png */,
				FE6D5C8B16F9CC7A0001A05A /* transfer_ico.png */,
				FE6D5C8C16F9CC7A0001A05A /* transfer_ico@2x.png */,
				FE6D5C8D16F9CC7A0001A05A /* tryit_txt_hover.png */,
				FE6D5C8E16F9CC7A0001A05A /* tryit_txt_hover@2x.png */,
				FE6D5C8F16F9CC7A0001A05A /* tryit_txt.png */,
				FE6D5C9016F9CC7A0001A05A /* tryit_txt@2x.png */,
				FE6D5C9116F9CC7A0001A05A /* whyus_ico.png */,
				FE6D5C9216F9CC7A0001A05A /* whyus_ico@2x.png */,
			);
			path = image;
			sourceTree = "<group>";
		};
		FE6D5C6516F9B0C00001A05A /* view */ = {
			isa = PBXGroup;
			children = (
				FE5495EF16FAD13E003C80F3 /* HomeCell.h */,
				FE5495F016FAD13E003C80F3 /* HomeCell.m */,
			);
			name = view;
			path = mobile/view;
			sourceTree = "<group>";
		};
		FE6D5C6616F9B0C00001A05A /* viewcontroller */ = {
			isa = PBXGroup;
			children = (
				FE6D5C6A16F9B2CE0001A05A /* HomeViewController.h */,
				FE6D5C6B16F9B2CE0001A05A /* HomeViewController.m */,
				FE6D5C6D16F9C52E0001A05A /* LoginViewController.h */,
				FE6D5C6E16F9C52E0001A05A /* LoginViewController.m */,
				FE6D5C7016F9C5510001A05A /* RegistViewController.h */,
				FE6D5C7116F9C5510001A05A /* RegistViewController.m */,
				FE5495F216FAD74B003C80F3 /* TimeViewController.h */,
				FE5495F316FAD74B003C80F3 /* TimeViewController.m */,
			);
			name = viewcontroller;
			path = mobile/viewcontroller;
			sourceTree = "<group>";
		};
/* End PBXGroup section */

/* Begin PBXNativeTarget section */
		FE6D5C3D16F9AF670001A05A /* mobile */ = {
			isa = PBXNativeTarget;
			buildConfigurationList = FE6D5C5B16F9AF680001A05A /* Build configuration list for PBXNativeTarget "mobile" */;
			buildPhases = (
				FE6D5C3A16F9AF670001A05A /* Sources */,
				FE6D5C3B16F9AF670001A05A /* Frameworks */,
				FE6D5C3C16F9AF670001A05A /* Resources */,
			);
			buildRules = (
			);
			dependencies = (
			);
			name = mobile;
			productName = mobile;
			productReference = FE6D5C3E16F9AF670001A05A /* mobile.app */;
			productType = "com.apple.product-type.application";
		};
/* End PBXNativeTarget section */

/* Begin PBXProject section */
		FE6D5C3616F9AF670001A05A /* Project object */ = {
			isa = PBXProject;
			attributes = {
				LastUpgradeCheck = 0460;
				ORGANIZATIONNAME = com.inlove;
			};
			buildConfigurationList = FE6D5C3916F9AF670001A05A /* Build configuration list for PBXProject "mobile" */;
			compatibilityVersion = "Xcode 3.2";
			developmentRegion = English;
			hasScannedForEncodings = 0;
			knownRegions = (
				en,
			);
			mainGroup = FE6D5C3516F9AF670001A05A;
			productRefGroup = FE6D5C3F16F9AF670001A05A /* Products */;
			projectDirPath = "";
			projectRoot = "";
			targets = (
				FE6D5C3D16F9AF670001A05A /* mobile */,
			);
		};
/* End PBXProject section */

/* Begin PBXResourcesBuildPhase section */
		FE6D5C3C16F9AF670001A05A /* Resources */ = {
			isa = PBXResourcesBuildPhase;
			buildActionMask = 2147483647;
			files = (
				FE6D5C4C16F9AF670001A05A /* InfoPlist.strings in Resources */,
				FE6D5C5416F9AF680001A05A /* Default.png in Resources */,
				FE6D5C5616F9AF680001A05A /* Default@2x.png in Resources */,
				FE6D5C5816F9AF680001A05A /* Default-568h@2x.png in Resources */,
				FE6D5C9316F9CC7A0001A05A /* address_ico.png in Resources */,
				FE6D5C9416F9CC7A0001A05A /* address_ico@2x.png in Resources */,
				FE6D5C9516F9CC7A0001A05A /* arrow_right.png in Resources */,
				FE6D5C9616F9CC7A0001A05A /* arrow_right@2x.png in Resources */,
				FE6D5C9716F9CC7A0001A05A /* find_txt_hover.png in Resources */,
				FE6D5C9816F9CC7A0001A05A /* find_txt_hover@2x.png in Resources */,
				FE6D5C9916F9CC7A0001A05A /* find_txt.png in Resources */,
				FE6D5C9A16F9CC7A0001A05A /* find_txt@2x.png in Resources */,
				FE6D5C9B16F9CC7A0001A05A /* headerimg.jpg in Resources */,
				FE6D5C9C16F9CC7A0001A05A /* headerimg@2x.jpg in Resources */,
				FE6D5C9D16F9CC7A0001A05A /* midimg.jpg in Resources */,
				FE6D5C9E16F9CC7A0001A05A /* midimg@2x.jpg in Resources */,
				FE6D5C9F16F9CC7A0001A05A /* nav_right.png in Resources */,
				FE6D5CA016F9CC7A0001A05A /* nav_right@2x.png in Resources */,
				FE6D5CA116F9CC7A0001A05A /* onlinepay_but_hover.png in Resources */,
				FE6D5CA216F9CC7A0001A05A /* onlinepay_but_hover@2x.png in Resources */,
				FE6D5CA316F9CC7A0001A05A /* onlinepay_but.png in Resources */,
				FE6D5CA416F9CC7A0001A05A /* onlinepay_but@2x.png in Resources */,
				FE6D5CA516F9CC7A0001A05A /* quickreg_but_hover.png in Resources */,
				FE6D5CA616F9CC7A0001A05A /* quickreg_but_hover@2x.png in Resources */,
				FE6D5CA716F9CC7A0001A05A /* quickreg_but.png in Resources */,
				FE6D5CA816F9CC7A0001A05A /* quickreg_but@2x.png in Resources */,
				FE6D5CA916F9CC7A0001A05A /* time_ico.png in Resources */,
				FE6D5CAA16F9CC7A0001A05A /* time_ico@2x.png in Resources */,
				FE6D5CAB16F9CC7A0001A05A /* transfer_ico.png in Resources */,
				FE6D5CAC16F9CC7A0001A05A /* transfer_ico@2x.png in Resources */,
				FE6D5CAD16F9CC7A0001A05A /* tryit_txt_hover.png in Resources */,
				FE6D5CAE16F9CC7A0001A05A /* tryit_txt_hover@2x.png in Resources */,
				FE6D5CAF16F9CC7A0001A05A /* tryit_txt.png in Resources */,
				FE6D5CB016F9CC7A0001A05A /* tryit_txt@2x.png in Resources */,
				FE6D5CB116F9CC7A0001A05A /* whyus_ico.png in Resources */,
				FE6D5CB216F9CC7A0001A05A /* whyus_ico@2x.png in Resources */,
				FE6D5CB516F9CE360001A05A /* logo.png in Resources */,
				FE6D5CB616F9CE360001A05A /* logo@2x.png in Resources */,
				FE5495EE16FABDE3003C80F3 /* store.plist in Resources */,
			);
			runOnlyForDeploymentPostprocessing = 0;
		};
/* End PBXResourcesBuildPhase section */

/* Begin PBXSourcesBuildPhase section */
		FE6D5C3A16F9AF670001A05A /* Sources */ = {
			isa = PBXSourcesBuildPhase;
			buildActionMask = 2147483647;
			files = (
				FE6D5C4E16F9AF670001A05A /* main.m in Sources */,
				FE6D5C5216F9AF670001A05A /* AppDelegate.m in Sources */,
				FE6D5C6916F9B0DE0001A05A /* AppHelper.m in Sources */,
				FE6D5C6C16F9B2CE0001A05A /* HomeViewController.m in Sources */,
				FE6D5C6F16F9C52E0001A05A /* LoginViewController.m in Sources */,
				FE6D5C7216F9C5520001A05A /* RegistViewController.m in Sources */,
				FE5495F116FAD13E003C80F3 /* HomeCell.m in Sources */,
				FE5495F416FAD74B003C80F3 /* TimeViewController.m in Sources */,
			);
			runOnlyForDeploymentPostprocessing = 0;
		};
/* End PBXSourcesBuildPhase section */

/* Begin PBXVariantGroup section */
		FE6D5C4A16F9AF670001A05A /* InfoPlist.strings */ = {
			isa = PBXVariantGroup;
			children = (
				FE6D5C4B16F9AF670001A05A /* en */,
			);
			name = InfoPlist.strings;
			sourceTree = "<group>";
		};
/* End PBXVariantGroup section */

/* Begin XCBuildConfiguration section */
		FE6D5C5916F9AF680001A05A /* Debug */ = {
			isa = XCBuildConfiguration;
			buildSettings = {
				ALWAYS_SEARCH_USER_PATHS = NO;
				CLANG_CXX_LANGUAGE_STANDARD = "gnu++0x";
				CLANG_CXX_LIBRARY = "libc++";
				CLANG_WARN_CONSTANT_CONVERSION = YES;
				CLANG_WARN_EMPTY_BODY = YES;
				CLANG_WARN_ENUM_CONVERSION = YES;
				CLANG_WARN_INT_CONVERSION = YES;
				CLANG_WARN__DUPLICATE_METHOD_MATCH = YES;
				"CODE_SIGN_IDENTITY[sdk=iphoneos*]" = "iPhone Developer";
				COPY_PHASE_STRIP = NO;
				GCC_C_LANGUAGE_STANDARD = gnu99;
				GCC_DYNAMIC_NO_PIC = NO;
				GCC_OPTIMIZATION_LEVEL = 0;
				GCC_PREPROCESSOR_DEFINITIONS = (
					"DEBUG=1",
					"$(inherited)",
				);
				GCC_SYMBOLS_PRIVATE_EXTERN = NO;
				GCC_WARN_ABOUT_RETURN_TYPE = YES;
				GCC_WARN_UNINITIALIZED_AUTOS = YES;
				GCC_WARN_UNUSED_VARIABLE = YES;
				IPHONEOS_DEPLOYMENT_TARGET = 4.3;
				ONLY_ACTIVE_ARCH = YES;
				SDKROOT = iphoneos;
			};
			name = Debug;
		};
		FE6D5C5A16F9AF680001A05A /* Release */ = {
			isa = XCBuildConfiguration;
			buildSettings = {
				ALWAYS_SEARCH_USER_PATHS = NO;
				CLANG_CXX_LANGUAGE_STANDARD = "gnu++0x";
				CLANG_CXX_LIBRARY = "libc++";
				CLANG_WARN_CONSTANT_CONVERSION = YES;
				CLANG_WARN_EMPTY_BODY = YES;
				CLANG_WARN_ENUM_CONVERSION = YES;
				CLANG_WARN_INT_CONVERSION = YES;
				CLANG_WARN__DUPLICATE_METHOD_MATCH = YES;
				"CODE_SIGN_IDENTITY[sdk=iphoneos*]" = "iPhone Developer";
				COPY_PHASE_STRIP = YES;
				GCC_C_LANGUAGE_STANDARD = gnu99;
				GCC_WARN_ABOUT_RETURN_TYPE = YES;
				GCC_WARN_UNINITIALIZED_AUTOS = YES;
				GCC_WARN_UNUSED_VARIABLE = YES;
				IPHONEOS_DEPLOYMENT_TARGET = 4.3;
				OTHER_CFLAGS = "-DNS_BLOCK_ASSERTIONS=1";
				SDKROOT = iphoneos;
				VALIDATE_PRODUCT = YES;
			};
			name = Release;
		};
		FE6D5C5C16F9AF680001A05A /* Debug */ = {
			isa = XCBuildConfiguration;
			buildSettings = {
				GCC_PRECOMPILE_PREFIX_HEADER = YES;
				GCC_PREFIX_HEADER = "mobile/mobile-Prefix.pch";
				INFOPLIST_FILE = "mobile/mobile-Info.plist";
				IPHONEOS_DEPLOYMENT_TARGET = 4.3;
				PRODUCT_NAME = "$(TARGET_NAME)";
				WRAPPER_EXTENSION = app;
			};
			name = Debug;
		};
		FE6D5C5D16F9AF680001A05A /* Release */ = {
			isa = XCBuildConfiguration;
			buildSettings = {
				GCC_PRECOMPILE_PREFIX_HEADER = YES;
				GCC_PREFIX_HEADER = "mobile/mobile-Prefix.pch";
				INFOPLIST_FILE = "mobile/mobile-Info.plist";
				IPHONEOS_DEPLOYMENT_TARGET = 4.3;
				PRODUCT_NAME = "$(TARGET_NAME)";
				WRAPPER_EXTENSION = app;
			};
			name = Release;
		};
/* End XCBuildConfiguration section */

/* Begin XCConfigurationList section */
		FE6D5C3916F9AF670001A05A /* Build configuration list for PBXProject "mobile" */ = {
			isa = XCConfigurationList;
			buildConfigurations = (
				FE6D5C5916F9AF680001A05A /* Debug */,
				FE6D5C5A16F9AF680001A05A /* Release */,
			);
			defaultConfigurationIsVisible = 0;
			defaultConfigurationName = Release;
		};
		FE6D5C5B16F9AF680001A05A /* Build configuration list for PBXNativeTarget "mobile" */ = {
			isa = XCConfigurationList;
			buildConfigurations = (
				FE6D5C5C16F9AF680001A05A /* Debug */,
				FE6D5C5D16F9AF680001A05A /* Release */,
			);
			defaultConfigurationIsVisible = 0;
			defaultConfigurationName = Release;
		};
/* End XCConfigurationList section */
	};
	rootObject = FE6D5C3616F9AF670001A05A /* Project object */;
}
